
Microsoft Visual Studio Solution File, Format Version 12.00
# Visual Studio 15
VisualStudioVersion = 15.0.27428.2011
MinimumVisualStudioVersion = 10.0.40219.1
Project("{2150E333-8FDC-42A3-9474-1A3956D46DE8}") = "src", "src", "{750E2FD5-5728-4F39-AA06-7FAB071FBE51}"
EndProject
Project("{2150E333-8FDC-42A3-9474-1A3956D46DE8}") = "ServiceFabric", "ServiceFabric", "{F647C571-A1D5-4963-B28E-05C0743AEA14}"
EndProject
Project("{2150E333-8FDC-42A3-9474-1A3956D46DE8}") = "Linux", "Linux", "{EFC84E79-3FFD-433D-A4E8-C1967D12A2D4}"
EndProject
Project("{2150E333-8FDC-42A3-9474-1A3956D46DE8}") = "Application", "Application", "{1BAAE8F7-B691-4FF5-BC66-2ADDE6C30746}"
EndProject
Project("{2150E333-8FDC-42A3-9474-1A3956D46DE8}") = "Web Apps", "Web Apps", "{6EF062A2-3CD0-40C9-B8AE-A4FFA536ED84}"
EndProject
Project("{2150E333-8FDC-42A3-9474-1A3956D46DE8}") = "Trip", "Trip", "{386D271D-8E5B-40F7-B017-EE38215FFAA7}"
EndProject
Project("{2150E333-8FDC-42A3-9474-1A3956D46DE8}") = "Invoice", "Invoice", "{084F660C-5526-4370-A383-E6BBE3846F47}"
EndProject
Project("{2150E333-8FDC-42A3-9474-1A3956D46DE8}") = "Domain", "Domain", "{F8C00BB1-4812-4B16-9182-3269D88858CE}"
EndProject
Project("{2150E333-8FDC-42A3-9474-1A3956D46DE8}") = "Infrastructure", "Infrastructure", "{69B890C5-C137-4967-8E15-26D07F312907}"
EndProject
Project("{E53339B2-1760-4266-BCC7-CA923CBCF16C}") = "docker-compose", "docker-compose.dcproj", "{3288A978-1584-47B8-B892-D05E7F6D1A23}"
EndProject
Project("{FAE04EC0-301F-11D3-BF4B-00C04F79EFBC}") = "Duber.WebSite", "src\Web\Duber.WebSite\Duber.WebSite.csproj", "{E650D054-6BD7-433C-ACFE-2D87F439EFAA}"
EndProject
Project("{2150E333-8FDC-42A3-9474-1A3956D46DE8}") = "Invoice", "Invoice", "{B8BC2A87-6265-4210-9AF1-61F923C306BC}"
EndProject
Project("{2150E333-8FDC-42A3-9474-1A3956D46DE8}") = "Trip", "Trip", "{A03D49FF-2B8F-4AC0-8AAC-20CBCED92CBB}"
EndProject
Project("{FAE04EC0-301F-11D3-BF4B-00C04F79EFBC}") = "Duber.Domain.Invoice", "src\Domain\Invoice\Duber.Domain.Invoice\Duber.Domain.Invoice.csproj", "{E2BFC5BC-B5EC-4556-9E25-6CCC39C1FDD0}"
EndProject
Project("{FAE04EC0-301F-11D3-BF4B-00C04F79EFBC}") = "Duber.Domain.Invoice.UnitTest", "src\Domain\Invoice\Duber.Domain.Invoice.UnitTest\Duber.Domain.Invoice.UnitTest.csproj", "{F2D6F089-6EFE-4018-9A03-395F1FF2E403}"
EndProject
Project("{FAE04EC0-301F-11D3-BF4B-00C04F79EFBC}") = "Duber.Domain.Trip", "src\Domain\Trip\Duber.Domain.Trip\Duber.Domain.Trip.csproj", "{9558B043-C3D1-497D-A5D0-B1280DDCA177}"
EndProject
Project("{FAE04EC0-301F-11D3-BF4B-00C04F79EFBC}") = "Duber.Domain.Trip.UnitTest", "src\Domain\Trip\Duber.Domain.Trip.UnitTest\Duber.Domain.Trip.UnitTest.csproj", "{4C56FEA9-D054-42E4-8228-7B3BED146414}"
EndProject
Project("{FAE04EC0-301F-11D3-BF4B-00C04F79EFBC}") = "Duber.Invoice.API", "src\Application\Duber.Invoice.API\Duber.Invoice.API.csproj", "{5D0A11E3-E397-4BB0-B2F5-3D0920380F4C}"
EndProject
Project("{FAE04EC0-301F-11D3-BF4B-00C04F79EFBC}") = "Duber.Trip.API", "src\Application\Duber.Trip.API\Duber.Trip.API.csproj", "{7ABF9C75-F835-4431-A4D9-96FE74955C57}"
EndProject
Global
	GlobalSection(SolutionConfigurationPlatforms) = preSolution
		Debug|Any CPU = Debug|Any CPU
		Release|Any CPU = Release|Any CPU
	EndGlobalSection
	GlobalSection(ProjectConfigurationPlatforms) = postSolution
		{3288A978-1584-47B8-B892-D05E7F6D1A23}.Debug|Any CPU.ActiveCfg = Debug|Any CPU
		{3288A978-1584-47B8-B892-D05E7F6D1A23}.Debug|Any CPU.Build.0 = Debug|Any CPU
		{3288A978-1584-47B8-B892-D05E7F6D1A23}.Release|Any CPU.ActiveCfg = Release|Any CPU
		{3288A978-1584-47B8-B892-D05E7F6D1A23}.Release|Any CPU.Build.0 = Release|Any CPU
		{E650D054-6BD7-433C-ACFE-2D87F439EFAA}.Debug|Any CPU.ActiveCfg = Debug|Any CPU
		{E650D054-6BD7-433C-ACFE-2D87F439EFAA}.Debug|Any CPU.Build.0 = Debug|Any CPU
		{E650D054-6BD7-433C-ACFE-2D87F439EFAA}.Release|Any CPU.ActiveCfg = Release|Any CPU
		{E650D054-6BD7-433C-ACFE-2D87F439EFAA}.Release|Any CPU.Build.0 = Release|Any CPU
		{E2BFC5BC-B5EC-4556-9E25-6CCC39C1FDD0}.Debug|Any CPU.ActiveCfg = Debug|Any CPU
		{E2BFC5BC-B5EC-4556-9E25-6CCC39C1FDD0}.Debug|Any CPU.Build.0 = Debug|Any CPU
		{E2BFC5BC-B5EC-4556-9E25-6CCC39C1FDD0}.Release|Any CPU.ActiveCfg = Release|Any CPU
		{E2BFC5BC-B5EC-4556-9E25-6CCC39C1FDD0}.Release|Any CPU.Build.0 = Release|Any CPU
		{F2D6F089-6EFE-4018-9A03-395F1FF2E403}.Debug|Any CPU.ActiveCfg = Debug|Any CPU
		{F2D6F089-6EFE-4018-9A03-395F1FF2E403}.Debug|Any CPU.Build.0 = Debug|Any CPU
		{F2D6F089-6EFE-4018-9A03-395F1FF2E403}.Release|Any CPU.ActiveCfg = Release|Any CPU
		{F2D6F089-6EFE-4018-9A03-395F1FF2E403}.Release|Any CPU.Build.0 = Release|Any CPU
		{9558B043-C3D1-497D-A5D0-B1280DDCA177}.Debug|Any CPU.ActiveCfg = Debug|Any CPU
		{9558B043-C3D1-497D-A5D0-B1280DDCA177}.Debug|Any CPU.Build.0 = Debug|Any CPU
		{9558B043-C3D1-497D-A5D0-B1280DDCA177}.Release|Any CPU.ActiveCfg = Release|Any CPU
		{9558B043-C3D1-497D-A5D0-B1280DDCA177}.Release|Any CPU.Build.0 = Release|Any CPU
		{4C56FEA9-D054-42E4-8228-7B3BED146414}.Debug|Any CPU.ActiveCfg = Debug|Any CPU
		{4C56FEA9-D054-42E4-8228-7B3BED146414}.Debug|Any CPU.Build.0 = Debug|Any CPU
		{4C56FEA9-D054-42E4-8228-7B3BED146414}.Release|Any CPU.ActiveCfg = Release|Any CPU
		{4C56FEA9-D054-42E4-8228-7B3BED146414}.Release|Any CPU.Build.0 = Release|Any CPU
		{5D0A11E3-E397-4BB0-B2F5-3D0920380F4C}.Debug|Any CPU.ActiveCfg = Debug|Any CPU
		{5D0A11E3-E397-4BB0-B2F5-3D0920380F4C}.Debug|Any CPU.Build.0 = Debug|Any CPU
		{5D0A11E3-E397-4BB0-B2F5-3D0920380F4C}.Release|Any CPU.ActiveCfg = Release|Any CPU
		{5D0A11E3-E397-4BB0-B2F5-3D0920380F4C}.Release|Any CPU.Build.0 = Release|Any CPU
		{7ABF9C75-F835-4431-A4D9-96FE74955C57}.Debug|Any CPU.ActiveCfg = Debug|Any CPU
		{7ABF9C75-F835-4431-A4D9-96FE74955C57}.Debug|Any CPU.Build.0 = Debug|Any CPU
		{7ABF9C75-F835-4431-A4D9-96FE74955C57}.Release|Any CPU.ActiveCfg = Release|Any CPU
		{7ABF9C75-F835-4431-A4D9-96FE74955C57}.Release|Any CPU.Build.0 = Release|Any CPU
	EndGlobalSection
	GlobalSection(SolutionProperties) = preSolution
		HideSolutionNode = FALSE
	EndGlobalSection
	GlobalSection(NestedProjects) = preSolution
		{EFC84E79-3FFD-433D-A4E8-C1967D12A2D4} = {F647C571-A1D5-4963-B28E-05C0743AEA14}
		{1BAAE8F7-B691-4FF5-BC66-2ADDE6C30746} = {750E2FD5-5728-4F39-AA06-7FAB071FBE51}
		{6EF062A2-3CD0-40C9-B8AE-A4FFA536ED84} = {750E2FD5-5728-4F39-AA06-7FAB071FBE51}
		{386D271D-8E5B-40F7-B017-EE38215FFAA7} = {1BAAE8F7-B691-4FF5-BC66-2ADDE6C30746}
		{084F660C-5526-4370-A383-E6BBE3846F47} = {1BAAE8F7-B691-4FF5-BC66-2ADDE6C30746}
		{F8C00BB1-4812-4B16-9182-3269D88858CE} = {750E2FD5-5728-4F39-AA06-7FAB071FBE51}
		{69B890C5-C137-4967-8E15-26D07F312907} = {750E2FD5-5728-4F39-AA06-7FAB071FBE51}
		{E650D054-6BD7-433C-ACFE-2D87F439EFAA} = {6EF062A2-3CD0-40C9-B8AE-A4FFA536ED84}
		{B8BC2A87-6265-4210-9AF1-61F923C306BC} = {F8C00BB1-4812-4B16-9182-3269D88858CE}
		{A03D49FF-2B8F-4AC0-8AAC-20CBCED92CBB} = {F8C00BB1-4812-4B16-9182-3269D88858CE}
		{E2BFC5BC-B5EC-4556-9E25-6CCC39C1FDD0} = {B8BC2A87-6265-4210-9AF1-61F923C306BC}
		{F2D6F089-6EFE-4018-9A03-395F1FF2E403} = {B8BC2A87-6265-4210-9AF1-61F923C306BC}
		{9558B043-C3D1-497D-A5D0-B1280DDCA177} = {A03D49FF-2B8F-4AC0-8AAC-20CBCED92CBB}
		{4C56FEA9-D054-42E4-8228-7B3BED146414} = {A03D49FF-2B8F-4AC0-8AAC-20CBCED92CBB}
		{5D0A11E3-E397-4BB0-B2F5-3D0920380F4C} = {084F660C-5526-4370-A383-E6BBE3846F47}
		{7ABF9C75-F835-4431-A4D9-96FE74955C57} = {386D271D-8E5B-40F7-B017-EE38215FFAA7}
	EndGlobalSection
	GlobalSection(ExtensibilityGlobals) = postSolution
		SolutionGuid = {6B8CD1A2-251A-4CE0-94BB-12805E3492A0}
	EndGlobalSection
EndGlobal
