
Microsoft Visual Studio Solution File, Format Version 12.00
# Visual Studio Version 16
VisualStudioVersion = 16.0.29613.14
MinimumVisualStudioVersion = 10.0.40219.1
Project("{2150E333-8FDC-42A3-9474-1A3956D46DE8}") = "src", "src", "{750E2FD5-5728-4F39-AA06-7FAB071FBE51}"
EndProject
Project("{2150E333-8FDC-42A3-9474-1A3956D46DE8}") = "ServiceFabric", "ServiceFabric", "{F647C571-A1D5-4963-B28E-05C0743AEA14}"
EndProject
Project("{2150E333-8FDC-42A3-9474-1A3956D46DE8}") = "Linux", "Linux", "{EFC84E79-3FFD-433D-A4E8-C1967D12A2D4}"
EndProject
Project("{2150E333-8FDC-42A3-9474-1A3956D46DE8}") = "Application", "Application", "{1BAAE8F7-B691-4FF5-BC66-2ADDE6C30746}"
EndProject
Project("{2150E333-8FDC-42A3-9474-1A3956D46DE8}") = "Presentation", "Presentation", "{6EF062A2-3CD0-40C9-B8AE-A4FFA536ED84}"
EndProject
Project("{2150E333-8FDC-42A3-9474-1A3956D46DE8}") = "Trip", "Trip", "{386D271D-8E5B-40F7-B017-EE38215FFAA7}"
EndProject
Project("{2150E333-8FDC-42A3-9474-1A3956D46DE8}") = "Invoice", "Invoice", "{084F660C-5526-4370-A383-E6BBE3846F47}"
EndProject
Project("{2150E333-8FDC-42A3-9474-1A3956D46DE8}") = "Domain", "Domain", "{F8C00BB1-4812-4B16-9182-3269D88858CE}"
EndProject
Project("{2150E333-8FDC-42A3-9474-1A3956D46DE8}") = "Infrastructure", "Infrastructure", "{69B890C5-C137-4967-8E15-26D07F312907}"
EndProject
Project("{E53339B2-1760-4266-BCC7-CA923CBCF16C}") = "docker-compose", "docker-compose.dcproj", "{3288A978-1584-47B8-B892-D05E7F6D1A23}"
EndProject
Project("{9A19103F-16F7-4668-BE54-9A1E7A4F7556}") = "Duber.WebSite", "src\Web\Duber.WebSite\Duber.WebSite.csproj", "{E650D054-6BD7-433C-ACFE-2D87F439EFAA}"
EndProject
Project("{2150E333-8FDC-42A3-9474-1A3956D46DE8}") = "Invoice", "Invoice", "{B8BC2A87-6265-4210-9AF1-61F923C306BC}"
EndProject
Project("{2150E333-8FDC-42A3-9474-1A3956D46DE8}") = "Trip", "Trip", "{A03D49FF-2B8F-4AC0-8AAC-20CBCED92CBB}"
EndProject
Project("{9A19103F-16F7-4668-BE54-9A1E7A4F7556}") = "Duber.Domain.Invoice", "src\Domain\Invoice\Duber.Domain.Invoice\Duber.Domain.Invoice.csproj", "{E2BFC5BC-B5EC-4556-9E25-6CCC39C1FDD0}"
EndProject
Project("{9A19103F-16F7-4668-BE54-9A1E7A4F7556}") = "Duber.Domain.Invoice.UnitTest", "src\Domain\Invoice\Duber.Domain.Invoice.UnitTest\Duber.Domain.Invoice.UnitTest.csproj", "{F2D6F089-6EFE-4018-9A03-395F1FF2E403}"
EndProject
Project("{9A19103F-16F7-4668-BE54-9A1E7A4F7556}") = "Duber.Domain.Trip", "src\Domain\Trip\Duber.Domain.Trip\Duber.Domain.Trip.csproj", "{9558B043-C3D1-497D-A5D0-B1280DDCA177}"
EndProject
Project("{9A19103F-16F7-4668-BE54-9A1E7A4F7556}") = "Duber.Domain.Trip.UnitTest", "src\Domain\Trip\Duber.Domain.Trip.UnitTest\Duber.Domain.Trip.UnitTest.csproj", "{4C56FEA9-D054-42E4-8228-7B3BED146414}"
EndProject
Project("{9A19103F-16F7-4668-BE54-9A1E7A4F7556}") = "Duber.Invoice.API", "src\Application\Duber.Invoice.API\Duber.Invoice.API.csproj", "{5D0A11E3-E397-4BB0-B2F5-3D0920380F4C}"
EndProject
Project("{9A19103F-16F7-4668-BE54-9A1E7A4F7556}") = "Duber.Trip.API", "src\Application\Duber.Trip.API\Duber.Trip.API.csproj", "{7ABF9C75-F835-4431-A4D9-96FE74955C57}"
EndProject
Project("{2150E333-8FDC-42A3-9474-1A3956D46DE8}") = "User", "User", "{DA20FB57-1551-4A94-8EA4-4997F6E3B803}"
EndProject
Project("{2150E333-8FDC-42A3-9474-1A3956D46DE8}") = "Driver", "Driver", "{8ABD2A67-2001-42D1-920E-7FE07158C3A9}"
EndProject
Project("{9A19103F-16F7-4668-BE54-9A1E7A4F7556}") = "Duber.Domain.Driver", "src\Domain\Driver\Duber.Domain.Driver\Duber.Domain.Driver.csproj", "{13C65287-4948-40B5-B464-0032BA72D3FD}"
EndProject
Project("{9A19103F-16F7-4668-BE54-9A1E7A4F7556}") = "Duber.Domain.Driver.UnitTest", "src\Domain\Driver\Duber.Domain.Driver.UnitTest\Duber.Domain.Driver.UnitTest.csproj", "{E840668F-B6B9-4EDA-80A0-4B71B27C1DA0}"
EndProject
Project("{9A19103F-16F7-4668-BE54-9A1E7A4F7556}") = "Duber.Domain.User.UnitTest", "src\Domain\User\Duber.Domain.User.UnitTest\Duber.Domain.User.UnitTest.csproj", "{22802D55-11B5-4FE2-8B9A-AF22FDA509BF}"
EndProject
Project("{9A19103F-16F7-4668-BE54-9A1E7A4F7556}") = "Duber.Domain.ACL", "src\Domain\Duber.Domain.ACL\Duber.Domain.ACL.csproj", "{37A21CD6-47DE-4F7B-B603-36DDDBE6B818}"
EndProject
Project("{2150E333-8FDC-42A3-9474-1A3956D46DE8}") = "EventBus", "EventBus", "{FEDB83C2-C14A-4196-8973-2A5C68CE2CBA}"
EndProject
Project("{9A19103F-16F7-4668-BE54-9A1E7A4F7556}") = "Duber.Infrastructure.EventBus", "src\Infrastructure\EventBus\Duber.Infrastructure.EventBus\Duber.Infrastructure.EventBus.csproj", "{28784EB0-08BB-400F-BC37-DCED3E18261E}"
EndProject
Project("{9A19103F-16F7-4668-BE54-9A1E7A4F7556}") = "Duber.Domain.User", "src\Domain\User\Duber.Domain.User\Duber.Domain.User.csproj", "{8FBCBD46-6728-46CF-ACB9-0E5DFCB0105C}"
EndProject
Project("{9A19103F-16F7-4668-BE54-9A1E7A4F7556}") = "Duber.Infrastructure.EventBus.RabbitMQ", "src\Infrastructure\EventBus\Duber.Infrastructure.EventBus.RabbitMQ\Duber.Infrastructure.EventBus.RabbitMQ.csproj", "{0559C080-53D5-44C7-8657-4F987F0FF8B1}"
EndProject
Project("{9A19103F-16F7-4668-BE54-9A1E7A4F7556}") = "Duber.Infrastructure.EventBus.ServiceBus", "src\Infrastructure\EventBus\Duber.Infrastructure.EventBus.ServiceBus\Duber.Infrastructure.EventBus.ServiceBus.csproj", "{D3A735EA-FD07-4CDE-A785-DA39280509DA}"
EndProject
Project("{9A19103F-16F7-4668-BE54-9A1E7A4F7556}") = "Duber.Domain.SharedKernel", "src\Domain\Duber.Domain.SharedKernel\Duber.Domain.SharedKernel.csproj", "{AD8286AF-8F03-46F5-9583-620F4DBA73E8}"
EndProject
Project("{9A19103F-16F7-4668-BE54-9A1E7A4F7556}") = "Duber.Infrastructure", "src\Infrastructure\Duber.Infrastructure\Duber.Infrastructure.csproj", "{92D41C6D-E785-474A-BF69-876F7A8E6912}"
EndProject
Project("{9A19103F-16F7-4668-BE54-9A1E7A4F7556}") = "Duber.Infrastructure.WebHost", "src\Infrastructure\Duber.Infrastructure.WebHost\Duber.Infrastructure.WebHost.csproj", "{E6AB4478-0061-4DC7-8E13-DB68A72FC4DD}"
EndProject
Project("{2150E333-8FDC-42A3-9474-1A3956D46DE8}") = "ExternalSystem", "ExternalSystem", "{D6C1178A-80FB-42CE-8E58-BAA7BA56244D}"
EndProject
Project("{9A19103F-16F7-4668-BE54-9A1E7A4F7556}") = "PaymentService", "ExternalSystem\PaymentService\PaymentService.csproj", "{8504D9B8-C4E8-4172-8DA3-CBD9971E3207}"
EndProject
Project("{A07B5EB6-E848-4116-A8D0-A826331D98C6}") = "DuberMicroservices", "ServiceFabric\Linux\DuberMicroservices\DuberMicroservices.sfproj", "{D8A868B6-7D03-4368-A52E-64F1E1B357DB}"
EndProject
Project("{2150E333-8FDC-42A3-9474-1A3956D46DE8}") = "Solution Items", "Solution Items", "{B0A3B2AF-77E2-4255-84AF-AAC4A459BF88}"
	ProjectSection(SolutionItems) = preProject
		.editorconfig = .editorconfig
	EndProjectSection
EndProject
Project("{9A19103F-16F7-4668-BE54-9A1E7A4F7556}") = "Duber.Infrastructure.Resilience.Abstractions", "src\Infrastructure\Duber.Infrastructure.Resilience.Abstractions\Duber.Infrastructure.Resilience.Abstractions.csproj", "{B97EE2A9-93A1-41EE-873D-244E6D654149}"
EndProject
Project("{9A19103F-16F7-4668-BE54-9A1E7A4F7556}") = "Duber.Infrastructure.Resilience.Http", "src\Infrastructure\Duber.Infrastructure.Resilience.Http\Duber.Infrastructure.Resilience.Http.csproj", "{FB2CE5CF-AF46-41E0-95CC-88D8134DC324}"
EndProject
Project("{9A19103F-16F7-4668-BE54-9A1E7A4F7556}") = "Duber.Infrastructure.Resilience.Sql", "src\Infrastructure\Duber.Infrastructure.Resilience.Sql\Duber.Infrastructure.Resilience.Sql.csproj", "{C2AC0E1E-2B02-474F-9DB5-AF461A6C2FDD}"
EndProject
Project("{9A19103F-16F7-4668-BE54-9A1E7A4F7556}") = "Duber.Trip.Notifications", "src\Application\Duber.Trip.Notifications\Duber.Trip.Notifications.csproj", "{8AAEEC31-B3CE-4583-9B42-1447B8694611}"
EndProject
Project("{FAE04EC0-301F-11D3-BF4B-00C04F79EFBC}") = "Duber.Infrastructure.EventBus.Idempotency", "src\Infrastructure\EventBus\Duber.Infrastructure.EventBus.Idempotency\Duber.Infrastructure.EventBus.Idempotency.csproj", "{426346B6-6631-40E7-9187-8721A0C23E0E}"
EndProject
Global
	GlobalSection(SolutionConfigurationPlatforms) = preSolution
		Debug|Any CPU = Debug|Any CPU
		Debug|x64 = Debug|x64
		Release|Any CPU = Release|Any CPU
		Release|x64 = Release|x64
	EndGlobalSection
	GlobalSection(ProjectConfigurationPlatforms) = postSolution
		{3288A978-1584-47B8-B892-D05E7F6D1A23}.Debug|Any CPU.ActiveCfg = Debug|Any CPU
		{3288A978-1584-47B8-B892-D05E7F6D1A23}.Debug|Any CPU.Build.0 = Debug|Any CPU
		{3288A978-1584-47B8-B892-D05E7F6D1A23}.Debug|x64.ActiveCfg = Debug|Any CPU
		{3288A978-1584-47B8-B892-D05E7F6D1A23}.Debug|x64.Build.0 = Debug|Any CPU
		{3288A978-1584-47B8-B892-D05E7F6D1A23}.Release|Any CPU.ActiveCfg = Release|Any CPU
		{3288A978-1584-47B8-B892-D05E7F6D1A23}.Release|Any CPU.Build.0 = Release|Any CPU
		{3288A978-1584-47B8-B892-D05E7F6D1A23}.Release|x64.ActiveCfg = Release|Any CPU
		{3288A978-1584-47B8-B892-D05E7F6D1A23}.Release|x64.Build.0 = Release|Any CPU
		{E650D054-6BD7-433C-ACFE-2D87F439EFAA}.Debug|Any CPU.ActiveCfg = Debug|Any CPU
		{E650D054-6BD7-433C-ACFE-2D87F439EFAA}.Debug|Any CPU.Build.0 = Debug|Any CPU
		{E650D054-6BD7-433C-ACFE-2D87F439EFAA}.Debug|x64.ActiveCfg = Debug|Any CPU
		{E650D054-6BD7-433C-ACFE-2D87F439EFAA}.Debug|x64.Build.0 = Debug|Any CPU
		{E650D054-6BD7-433C-ACFE-2D87F439EFAA}.Release|Any CPU.ActiveCfg = Release|Any CPU
		{E650D054-6BD7-433C-ACFE-2D87F439EFAA}.Release|Any CPU.Build.0 = Release|Any CPU
		{E650D054-6BD7-433C-ACFE-2D87F439EFAA}.Release|x64.ActiveCfg = Release|Any CPU
		{E650D054-6BD7-433C-ACFE-2D87F439EFAA}.Release|x64.Build.0 = Release|Any CPU
		{E2BFC5BC-B5EC-4556-9E25-6CCC39C1FDD0}.Debug|Any CPU.ActiveCfg = Debug|Any CPU
		{E2BFC5BC-B5EC-4556-9E25-6CCC39C1FDD0}.Debug|Any CPU.Build.0 = Debug|Any CPU
		{E2BFC5BC-B5EC-4556-9E25-6CCC39C1FDD0}.Debug|x64.ActiveCfg = Debug|Any CPU
		{E2BFC5BC-B5EC-4556-9E25-6CCC39C1FDD0}.Debug|x64.Build.0 = Debug|Any CPU
		{E2BFC5BC-B5EC-4556-9E25-6CCC39C1FDD0}.Release|Any CPU.ActiveCfg = Release|Any CPU
		{E2BFC5BC-B5EC-4556-9E25-6CCC39C1FDD0}.Release|Any CPU.Build.0 = Release|Any CPU
		{E2BFC5BC-B5EC-4556-9E25-6CCC39C1FDD0}.Release|x64.ActiveCfg = Release|Any CPU
		{E2BFC5BC-B5EC-4556-9E25-6CCC39C1FDD0}.Release|x64.Build.0 = Release|Any CPU
		{F2D6F089-6EFE-4018-9A03-395F1FF2E403}.Debug|Any CPU.ActiveCfg = Debug|Any CPU
		{F2D6F089-6EFE-4018-9A03-395F1FF2E403}.Debug|Any CPU.Build.0 = Debug|Any CPU
		{F2D6F089-6EFE-4018-9A03-395F1FF2E403}.Debug|x64.ActiveCfg = Debug|Any CPU
		{F2D6F089-6EFE-4018-9A03-395F1FF2E403}.Debug|x64.Build.0 = Debug|Any CPU
		{F2D6F089-6EFE-4018-9A03-395F1FF2E403}.Release|Any CPU.ActiveCfg = Release|Any CPU
		{F2D6F089-6EFE-4018-9A03-395F1FF2E403}.Release|Any CPU.Build.0 = Release|Any CPU
		{F2D6F089-6EFE-4018-9A03-395F1FF2E403}.Release|x64.ActiveCfg = Release|Any CPU
		{F2D6F089-6EFE-4018-9A03-395F1FF2E403}.Release|x64.Build.0 = Release|Any CPU
		{9558B043-C3D1-497D-A5D0-B1280DDCA177}.Debug|Any CPU.ActiveCfg = Debug|Any CPU
		{9558B043-C3D1-497D-A5D0-B1280DDCA177}.Debug|Any CPU.Build.0 = Debug|Any CPU
		{9558B043-C3D1-497D-A5D0-B1280DDCA177}.Debug|x64.ActiveCfg = Debug|Any CPU
		{9558B043-C3D1-497D-A5D0-B1280DDCA177}.Debug|x64.Build.0 = Debug|Any CPU
		{9558B043-C3D1-497D-A5D0-B1280DDCA177}.Release|Any CPU.ActiveCfg = Release|Any CPU
		{9558B043-C3D1-497D-A5D0-B1280DDCA177}.Release|Any CPU.Build.0 = Release|Any CPU
		{9558B043-C3D1-497D-A5D0-B1280DDCA177}.Release|x64.ActiveCfg = Release|Any CPU
		{9558B043-C3D1-497D-A5D0-B1280DDCA177}.Release|x64.Build.0 = Release|Any CPU
		{4C56FEA9-D054-42E4-8228-7B3BED146414}.Debug|Any CPU.ActiveCfg = Debug|Any CPU
		{4C56FEA9-D054-42E4-8228-7B3BED146414}.Debug|Any CPU.Build.0 = Debug|Any CPU
		{4C56FEA9-D054-42E4-8228-7B3BED146414}.Debug|x64.ActiveCfg = Debug|Any CPU
		{4C56FEA9-D054-42E4-8228-7B3BED146414}.Debug|x64.Build.0 = Debug|Any CPU
		{4C56FEA9-D054-42E4-8228-7B3BED146414}.Release|Any CPU.ActiveCfg = Release|Any CPU
		{4C56FEA9-D054-42E4-8228-7B3BED146414}.Release|Any CPU.Build.0 = Release|Any CPU
		{4C56FEA9-D054-42E4-8228-7B3BED146414}.Release|x64.ActiveCfg = Release|Any CPU
		{4C56FEA9-D054-42E4-8228-7B3BED146414}.Release|x64.Build.0 = Release|Any CPU
		{5D0A11E3-E397-4BB0-B2F5-3D0920380F4C}.Debug|Any CPU.ActiveCfg = Debug|Any CPU
		{5D0A11E3-E397-4BB0-B2F5-3D0920380F4C}.Debug|Any CPU.Build.0 = Debug|Any CPU
		{5D0A11E3-E397-4BB0-B2F5-3D0920380F4C}.Debug|x64.ActiveCfg = Debug|Any CPU
		{5D0A11E3-E397-4BB0-B2F5-3D0920380F4C}.Debug|x64.Build.0 = Debug|Any CPU
		{5D0A11E3-E397-4BB0-B2F5-3D0920380F4C}.Release|Any CPU.ActiveCfg = Release|Any CPU
		{5D0A11E3-E397-4BB0-B2F5-3D0920380F4C}.Release|Any CPU.Build.0 = Release|Any CPU
		{5D0A11E3-E397-4BB0-B2F5-3D0920380F4C}.Release|x64.ActiveCfg = Release|Any CPU
		{5D0A11E3-E397-4BB0-B2F5-3D0920380F4C}.Release|x64.Build.0 = Release|Any CPU
		{7ABF9C75-F835-4431-A4D9-96FE74955C57}.Debug|Any CPU.ActiveCfg = Debug|Any CPU
		{7ABF9C75-F835-4431-A4D9-96FE74955C57}.Debug|Any CPU.Build.0 = Debug|Any CPU
		{7ABF9C75-F835-4431-A4D9-96FE74955C57}.Debug|x64.ActiveCfg = Debug|Any CPU
		{7ABF9C75-F835-4431-A4D9-96FE74955C57}.Debug|x64.Build.0 = Debug|Any CPU
		{7ABF9C75-F835-4431-A4D9-96FE74955C57}.Release|Any CPU.ActiveCfg = Release|Any CPU
		{7ABF9C75-F835-4431-A4D9-96FE74955C57}.Release|Any CPU.Build.0 = Release|Any CPU
		{7ABF9C75-F835-4431-A4D9-96FE74955C57}.Release|x64.ActiveCfg = Release|Any CPU
		{7ABF9C75-F835-4431-A4D9-96FE74955C57}.Release|x64.Build.0 = Release|Any CPU
		{13C65287-4948-40B5-B464-0032BA72D3FD}.Debug|Any CPU.ActiveCfg = Debug|Any CPU
		{13C65287-4948-40B5-B464-0032BA72D3FD}.Debug|Any CPU.Build.0 = Debug|Any CPU
		{13C65287-4948-40B5-B464-0032BA72D3FD}.Debug|x64.ActiveCfg = Debug|Any CPU
		{13C65287-4948-40B5-B464-0032BA72D3FD}.Debug|x64.Build.0 = Debug|Any CPU
		{13C65287-4948-40B5-B464-0032BA72D3FD}.Release|Any CPU.ActiveCfg = Release|Any CPU
		{13C65287-4948-40B5-B464-0032BA72D3FD}.Release|Any CPU.Build.0 = Release|Any CPU
		{13C65287-4948-40B5-B464-0032BA72D3FD}.Release|x64.ActiveCfg = Release|Any CPU
		{13C65287-4948-40B5-B464-0032BA72D3FD}.Release|x64.Build.0 = Release|Any CPU
		{E840668F-B6B9-4EDA-80A0-4B71B27C1DA0}.Debug|Any CPU.ActiveCfg = Debug|Any CPU
		{E840668F-B6B9-4EDA-80A0-4B71B27C1DA0}.Debug|Any CPU.Build.0 = Debug|Any CPU
		{E840668F-B6B9-4EDA-80A0-4B71B27C1DA0}.Debug|x64.ActiveCfg = Debug|Any CPU
		{E840668F-B6B9-4EDA-80A0-4B71B27C1DA0}.Debug|x64.Build.0 = Debug|Any CPU
		{E840668F-B6B9-4EDA-80A0-4B71B27C1DA0}.Release|Any CPU.ActiveCfg = Release|Any CPU
		{E840668F-B6B9-4EDA-80A0-4B71B27C1DA0}.Release|Any CPU.Build.0 = Release|Any CPU
		{E840668F-B6B9-4EDA-80A0-4B71B27C1DA0}.Release|x64.ActiveCfg = Release|Any CPU
		{E840668F-B6B9-4EDA-80A0-4B71B27C1DA0}.Release|x64.Build.0 = Release|Any CPU
		{22802D55-11B5-4FE2-8B9A-AF22FDA509BF}.Debug|Any CPU.ActiveCfg = Debug|Any CPU
		{22802D55-11B5-4FE2-8B9A-AF22FDA509BF}.Debug|Any CPU.Build.0 = Debug|Any CPU
		{22802D55-11B5-4FE2-8B9A-AF22FDA509BF}.Debug|x64.ActiveCfg = Debug|Any CPU
		{22802D55-11B5-4FE2-8B9A-AF22FDA509BF}.Debug|x64.Build.0 = Debug|Any CPU
		{22802D55-11B5-4FE2-8B9A-AF22FDA509BF}.Release|Any CPU.ActiveCfg = Release|Any CPU
		{22802D55-11B5-4FE2-8B9A-AF22FDA509BF}.Release|Any CPU.Build.0 = Release|Any CPU
		{22802D55-11B5-4FE2-8B9A-AF22FDA509BF}.Release|x64.ActiveCfg = Release|Any CPU
		{22802D55-11B5-4FE2-8B9A-AF22FDA509BF}.Release|x64.Build.0 = Release|Any CPU
		{37A21CD6-47DE-4F7B-B603-36DDDBE6B818}.Debug|Any CPU.ActiveCfg = Debug|Any CPU
		{37A21CD6-47DE-4F7B-B603-36DDDBE6B818}.Debug|Any CPU.Build.0 = Debug|Any CPU
		{37A21CD6-47DE-4F7B-B603-36DDDBE6B818}.Debug|x64.ActiveCfg = Debug|Any CPU
		{37A21CD6-47DE-4F7B-B603-36DDDBE6B818}.Debug|x64.Build.0 = Debug|Any CPU
		{37A21CD6-47DE-4F7B-B603-36DDDBE6B818}.Release|Any CPU.ActiveCfg = Release|Any CPU
		{37A21CD6-47DE-4F7B-B603-36DDDBE6B818}.Release|Any CPU.Build.0 = Release|Any CPU
		{37A21CD6-47DE-4F7B-B603-36DDDBE6B818}.Release|x64.ActiveCfg = Release|Any CPU
		{37A21CD6-47DE-4F7B-B603-36DDDBE6B818}.Release|x64.Build.0 = Release|Any CPU
		{28784EB0-08BB-400F-BC37-DCED3E18261E}.Debug|Any CPU.ActiveCfg = Debug|Any CPU
		{28784EB0-08BB-400F-BC37-DCED3E18261E}.Debug|Any CPU.Build.0 = Debug|Any CPU
		{28784EB0-08BB-400F-BC37-DCED3E18261E}.Debug|x64.ActiveCfg = Debug|Any CPU
		{28784EB0-08BB-400F-BC37-DCED3E18261E}.Debug|x64.Build.0 = Debug|Any CPU
		{28784EB0-08BB-400F-BC37-DCED3E18261E}.Release|Any CPU.ActiveCfg = Release|Any CPU
		{28784EB0-08BB-400F-BC37-DCED3E18261E}.Release|Any CPU.Build.0 = Release|Any CPU
		{28784EB0-08BB-400F-BC37-DCED3E18261E}.Release|x64.ActiveCfg = Release|Any CPU
		{28784EB0-08BB-400F-BC37-DCED3E18261E}.Release|x64.Build.0 = Release|Any CPU
		{8FBCBD46-6728-46CF-ACB9-0E5DFCB0105C}.Debug|Any CPU.ActiveCfg = Debug|Any CPU
		{8FBCBD46-6728-46CF-ACB9-0E5DFCB0105C}.Debug|Any CPU.Build.0 = Debug|Any CPU
		{8FBCBD46-6728-46CF-ACB9-0E5DFCB0105C}.Debug|x64.ActiveCfg = Debug|Any CPU
		{8FBCBD46-6728-46CF-ACB9-0E5DFCB0105C}.Debug|x64.Build.0 = Debug|Any CPU
		{8FBCBD46-6728-46CF-ACB9-0E5DFCB0105C}.Release|Any CPU.ActiveCfg = Release|Any CPU
		{8FBCBD46-6728-46CF-ACB9-0E5DFCB0105C}.Release|Any CPU.Build.0 = Release|Any CPU
		{8FBCBD46-6728-46CF-ACB9-0E5DFCB0105C}.Release|x64.ActiveCfg = Release|Any CPU
		{8FBCBD46-6728-46CF-ACB9-0E5DFCB0105C}.Release|x64.Build.0 = Release|Any CPU
		{0559C080-53D5-44C7-8657-4F987F0FF8B1}.Debug|Any CPU.ActiveCfg = Debug|Any CPU
		{0559C080-53D5-44C7-8657-4F987F0FF8B1}.Debug|Any CPU.Build.0 = Debug|Any CPU
		{0559C080-53D5-44C7-8657-4F987F0FF8B1}.Debug|x64.ActiveCfg = Debug|Any CPU
		{0559C080-53D5-44C7-8657-4F987F0FF8B1}.Debug|x64.Build.0 = Debug|Any CPU
		{0559C080-53D5-44C7-8657-4F987F0FF8B1}.Release|Any CPU.ActiveCfg = Release|Any CPU
		{0559C080-53D5-44C7-8657-4F987F0FF8B1}.Release|Any CPU.Build.0 = Release|Any CPU
		{0559C080-53D5-44C7-8657-4F987F0FF8B1}.Release|x64.ActiveCfg = Release|Any CPU
		{0559C080-53D5-44C7-8657-4F987F0FF8B1}.Release|x64.Build.0 = Release|Any CPU
		{D3A735EA-FD07-4CDE-A785-DA39280509DA}.Debug|Any CPU.ActiveCfg = Debug|Any CPU
		{D3A735EA-FD07-4CDE-A785-DA39280509DA}.Debug|Any CPU.Build.0 = Debug|Any CPU
		{D3A735EA-FD07-4CDE-A785-DA39280509DA}.Debug|x64.ActiveCfg = Debug|Any CPU
		{D3A735EA-FD07-4CDE-A785-DA39280509DA}.Debug|x64.Build.0 = Debug|Any CPU
		{D3A735EA-FD07-4CDE-A785-DA39280509DA}.Release|Any CPU.ActiveCfg = Release|Any CPU
		{D3A735EA-FD07-4CDE-A785-DA39280509DA}.Release|Any CPU.Build.0 = Release|Any CPU
		{D3A735EA-FD07-4CDE-A785-DA39280509DA}.Release|x64.ActiveCfg = Release|Any CPU
		{D3A735EA-FD07-4CDE-A785-DA39280509DA}.Release|x64.Build.0 = Release|Any CPU
		{AD8286AF-8F03-46F5-9583-620F4DBA73E8}.Debug|Any CPU.ActiveCfg = Debug|Any CPU
		{AD8286AF-8F03-46F5-9583-620F4DBA73E8}.Debug|Any CPU.Build.0 = Debug|Any CPU
		{AD8286AF-8F03-46F5-9583-620F4DBA73E8}.Debug|x64.ActiveCfg = Debug|Any CPU
		{AD8286AF-8F03-46F5-9583-620F4DBA73E8}.Debug|x64.Build.0 = Debug|Any CPU
		{AD8286AF-8F03-46F5-9583-620F4DBA73E8}.Release|Any CPU.ActiveCfg = Release|Any CPU
		{AD8286AF-8F03-46F5-9583-620F4DBA73E8}.Release|Any CPU.Build.0 = Release|Any CPU
		{AD8286AF-8F03-46F5-9583-620F4DBA73E8}.Release|x64.ActiveCfg = Release|Any CPU
		{AD8286AF-8F03-46F5-9583-620F4DBA73E8}.Release|x64.Build.0 = Release|Any CPU
		{92D41C6D-E785-474A-BF69-876F7A8E6912}.Debug|Any CPU.ActiveCfg = Debug|Any CPU
		{92D41C6D-E785-474A-BF69-876F7A8E6912}.Debug|Any CPU.Build.0 = Debug|Any CPU
		{92D41C6D-E785-474A-BF69-876F7A8E6912}.Debug|x64.ActiveCfg = Debug|Any CPU
		{92D41C6D-E785-474A-BF69-876F7A8E6912}.Debug|x64.Build.0 = Debug|Any CPU
		{92D41C6D-E785-474A-BF69-876F7A8E6912}.Release|Any CPU.ActiveCfg = Release|Any CPU
		{92D41C6D-E785-474A-BF69-876F7A8E6912}.Release|Any CPU.Build.0 = Release|Any CPU
		{92D41C6D-E785-474A-BF69-876F7A8E6912}.Release|x64.ActiveCfg = Release|Any CPU
		{92D41C6D-E785-474A-BF69-876F7A8E6912}.Release|x64.Build.0 = Release|Any CPU
		{E6AB4478-0061-4DC7-8E13-DB68A72FC4DD}.Debug|Any CPU.ActiveCfg = Debug|Any CPU
		{E6AB4478-0061-4DC7-8E13-DB68A72FC4DD}.Debug|Any CPU.Build.0 = Debug|Any CPU
		{E6AB4478-0061-4DC7-8E13-DB68A72FC4DD}.Debug|x64.ActiveCfg = Debug|Any CPU
		{E6AB4478-0061-4DC7-8E13-DB68A72FC4DD}.Debug|x64.Build.0 = Debug|Any CPU
		{E6AB4478-0061-4DC7-8E13-DB68A72FC4DD}.Release|Any CPU.ActiveCfg = Release|Any CPU
		{E6AB4478-0061-4DC7-8E13-DB68A72FC4DD}.Release|Any CPU.Build.0 = Release|Any CPU
		{E6AB4478-0061-4DC7-8E13-DB68A72FC4DD}.Release|x64.ActiveCfg = Release|Any CPU
		{E6AB4478-0061-4DC7-8E13-DB68A72FC4DD}.Release|x64.Build.0 = Release|Any CPU
		{8504D9B8-C4E8-4172-8DA3-CBD9971E3207}.Debug|Any CPU.ActiveCfg = Debug|Any CPU
		{8504D9B8-C4E8-4172-8DA3-CBD9971E3207}.Debug|Any CPU.Build.0 = Debug|Any CPU
		{8504D9B8-C4E8-4172-8DA3-CBD9971E3207}.Debug|x64.ActiveCfg = Debug|Any CPU
		{8504D9B8-C4E8-4172-8DA3-CBD9971E3207}.Debug|x64.Build.0 = Debug|Any CPU
		{8504D9B8-C4E8-4172-8DA3-CBD9971E3207}.Release|Any CPU.ActiveCfg = Release|Any CPU
		{8504D9B8-C4E8-4172-8DA3-CBD9971E3207}.Release|Any CPU.Build.0 = Release|Any CPU
		{8504D9B8-C4E8-4172-8DA3-CBD9971E3207}.Release|x64.ActiveCfg = Release|Any CPU
		{8504D9B8-C4E8-4172-8DA3-CBD9971E3207}.Release|x64.Build.0 = Release|Any CPU
		{D8A868B6-7D03-4368-A52E-64F1E1B357DB}.Debug|Any CPU.ActiveCfg = Debug|x64
		{D8A868B6-7D03-4368-A52E-64F1E1B357DB}.Debug|x64.ActiveCfg = Debug|x64
		{D8A868B6-7D03-4368-A52E-64F1E1B357DB}.Debug|x64.Build.0 = Debug|x64
		{D8A868B6-7D03-4368-A52E-64F1E1B357DB}.Debug|x64.Deploy.0 = Debug|x64
		{D8A868B6-7D03-4368-A52E-64F1E1B357DB}.Release|Any CPU.ActiveCfg = Release|x64
		{D8A868B6-7D03-4368-A52E-64F1E1B357DB}.Release|x64.ActiveCfg = Release|x64
		{D8A868B6-7D03-4368-A52E-64F1E1B357DB}.Release|x64.Build.0 = Release|x64
		{D8A868B6-7D03-4368-A52E-64F1E1B357DB}.Release|x64.Deploy.0 = Release|x64
		{B97EE2A9-93A1-41EE-873D-244E6D654149}.Debug|Any CPU.ActiveCfg = Debug|Any CPU
		{B97EE2A9-93A1-41EE-873D-244E6D654149}.Debug|Any CPU.Build.0 = Debug|Any CPU
		{B97EE2A9-93A1-41EE-873D-244E6D654149}.Debug|x64.ActiveCfg = Debug|Any CPU
		{B97EE2A9-93A1-41EE-873D-244E6D654149}.Debug|x64.Build.0 = Debug|Any CPU
		{B97EE2A9-93A1-41EE-873D-244E6D654149}.Release|Any CPU.ActiveCfg = Release|Any CPU
		{B97EE2A9-93A1-41EE-873D-244E6D654149}.Release|Any CPU.Build.0 = Release|Any CPU
		{B97EE2A9-93A1-41EE-873D-244E6D654149}.Release|x64.ActiveCfg = Release|Any CPU
		{B97EE2A9-93A1-41EE-873D-244E6D654149}.Release|x64.Build.0 = Release|Any CPU
		{FB2CE5CF-AF46-41E0-95CC-88D8134DC324}.Debug|Any CPU.ActiveCfg = Debug|Any CPU
		{FB2CE5CF-AF46-41E0-95CC-88D8134DC324}.Debug|Any CPU.Build.0 = Debug|Any CPU
		{FB2CE5CF-AF46-41E0-95CC-88D8134DC324}.Debug|x64.ActiveCfg = Debug|Any CPU
		{FB2CE5CF-AF46-41E0-95CC-88D8134DC324}.Debug|x64.Build.0 = Debug|Any CPU
		{FB2CE5CF-AF46-41E0-95CC-88D8134DC324}.Release|Any CPU.ActiveCfg = Release|Any CPU
		{FB2CE5CF-AF46-41E0-95CC-88D8134DC324}.Release|Any CPU.Build.0 = Release|Any CPU
		{FB2CE5CF-AF46-41E0-95CC-88D8134DC324}.Release|x64.ActiveCfg = Release|Any CPU
		{FB2CE5CF-AF46-41E0-95CC-88D8134DC324}.Release|x64.Build.0 = Release|Any CPU
		{C2AC0E1E-2B02-474F-9DB5-AF461A6C2FDD}.Debug|Any CPU.ActiveCfg = Debug|Any CPU
		{C2AC0E1E-2B02-474F-9DB5-AF461A6C2FDD}.Debug|Any CPU.Build.0 = Debug|Any CPU
		{C2AC0E1E-2B02-474F-9DB5-AF461A6C2FDD}.Debug|x64.ActiveCfg = Debug|Any CPU
		{C2AC0E1E-2B02-474F-9DB5-AF461A6C2FDD}.Debug|x64.Build.0 = Debug|Any CPU
		{C2AC0E1E-2B02-474F-9DB5-AF461A6C2FDD}.Release|Any CPU.ActiveCfg = Release|Any CPU
		{C2AC0E1E-2B02-474F-9DB5-AF461A6C2FDD}.Release|Any CPU.Build.0 = Release|Any CPU
		{C2AC0E1E-2B02-474F-9DB5-AF461A6C2FDD}.Release|x64.ActiveCfg = Release|Any CPU
		{C2AC0E1E-2B02-474F-9DB5-AF461A6C2FDD}.Release|x64.Build.0 = Release|Any CPU
		{8AAEEC31-B3CE-4583-9B42-1447B8694611}.Debug|Any CPU.ActiveCfg = Debug|Any CPU
		{8AAEEC31-B3CE-4583-9B42-1447B8694611}.Debug|Any CPU.Build.0 = Debug|Any CPU
		{8AAEEC31-B3CE-4583-9B42-1447B8694611}.Debug|x64.ActiveCfg = Debug|Any CPU
		{8AAEEC31-B3CE-4583-9B42-1447B8694611}.Debug|x64.Build.0 = Debug|Any CPU
		{8AAEEC31-B3CE-4583-9B42-1447B8694611}.Release|Any CPU.ActiveCfg = Release|Any CPU
		{8AAEEC31-B3CE-4583-9B42-1447B8694611}.Release|Any CPU.Build.0 = Release|Any CPU
		{8AAEEC31-B3CE-4583-9B42-1447B8694611}.Release|x64.ActiveCfg = Release|Any CPU
		{8AAEEC31-B3CE-4583-9B42-1447B8694611}.Release|x64.Build.0 = Release|Any CPU
		{426346B6-6631-40E7-9187-8721A0C23E0E}.Debug|Any CPU.ActiveCfg = Debug|Any CPU
		{426346B6-6631-40E7-9187-8721A0C23E0E}.Debug|Any CPU.Build.0 = Debug|Any CPU
		{426346B6-6631-40E7-9187-8721A0C23E0E}.Debug|x64.ActiveCfg = Debug|Any CPU
		{426346B6-6631-40E7-9187-8721A0C23E0E}.Debug|x64.Build.0 = Debug|Any CPU
		{426346B6-6631-40E7-9187-8721A0C23E0E}.Release|Any CPU.ActiveCfg = Release|Any CPU
		{426346B6-6631-40E7-9187-8721A0C23E0E}.Release|Any CPU.Build.0 = Release|Any CPU
		{426346B6-6631-40E7-9187-8721A0C23E0E}.Release|x64.ActiveCfg = Release|Any CPU
		{426346B6-6631-40E7-9187-8721A0C23E0E}.Release|x64.Build.0 = Release|Any CPU
	EndGlobalSection
	GlobalSection(SolutionProperties) = preSolution
		HideSolutionNode = FALSE
	EndGlobalSection
	GlobalSection(NestedProjects) = preSolution
		{EFC84E79-3FFD-433D-A4E8-C1967D12A2D4} = {F647C571-A1D5-4963-B28E-05C0743AEA14}
		{1BAAE8F7-B691-4FF5-BC66-2ADDE6C30746} = {750E2FD5-5728-4F39-AA06-7FAB071FBE51}
		{6EF062A2-3CD0-40C9-B8AE-A4FFA536ED84} = {750E2FD5-5728-4F39-AA06-7FAB071FBE51}
		{386D271D-8E5B-40F7-B017-EE38215FFAA7} = {1BAAE8F7-B691-4FF5-BC66-2ADDE6C30746}
		{084F660C-5526-4370-A383-E6BBE3846F47} = {1BAAE8F7-B691-4FF5-BC66-2ADDE6C30746}
		{F8C00BB1-4812-4B16-9182-3269D88858CE} = {750E2FD5-5728-4F39-AA06-7FAB071FBE51}
		{69B890C5-C137-4967-8E15-26D07F312907} = {750E2FD5-5728-4F39-AA06-7FAB071FBE51}
		{E650D054-6BD7-433C-ACFE-2D87F439EFAA} = {6EF062A2-3CD0-40C9-B8AE-A4FFA536ED84}
		{B8BC2A87-6265-4210-9AF1-61F923C306BC} = {F8C00BB1-4812-4B16-9182-3269D88858CE}
		{A03D49FF-2B8F-4AC0-8AAC-20CBCED92CBB} = {F8C00BB1-4812-4B16-9182-3269D88858CE}
		{E2BFC5BC-B5EC-4556-9E25-6CCC39C1FDD0} = {B8BC2A87-6265-4210-9AF1-61F923C306BC}
		{F2D6F089-6EFE-4018-9A03-395F1FF2E403} = {B8BC2A87-6265-4210-9AF1-61F923C306BC}
		{9558B043-C3D1-497D-A5D0-B1280DDCA177} = {A03D49FF-2B8F-4AC0-8AAC-20CBCED92CBB}
		{4C56FEA9-D054-42E4-8228-7B3BED146414} = {A03D49FF-2B8F-4AC0-8AAC-20CBCED92CBB}
		{5D0A11E3-E397-4BB0-B2F5-3D0920380F4C} = {084F660C-5526-4370-A383-E6BBE3846F47}
		{7ABF9C75-F835-4431-A4D9-96FE74955C57} = {386D271D-8E5B-40F7-B017-EE38215FFAA7}
		{DA20FB57-1551-4A94-8EA4-4997F6E3B803} = {F8C00BB1-4812-4B16-9182-3269D88858CE}
		{8ABD2A67-2001-42D1-920E-7FE07158C3A9} = {F8C00BB1-4812-4B16-9182-3269D88858CE}
		{13C65287-4948-40B5-B464-0032BA72D3FD} = {8ABD2A67-2001-42D1-920E-7FE07158C3A9}
		{E840668F-B6B9-4EDA-80A0-4B71B27C1DA0} = {8ABD2A67-2001-42D1-920E-7FE07158C3A9}
		{22802D55-11B5-4FE2-8B9A-AF22FDA509BF} = {DA20FB57-1551-4A94-8EA4-4997F6E3B803}
		{37A21CD6-47DE-4F7B-B603-36DDDBE6B818} = {F8C00BB1-4812-4B16-9182-3269D88858CE}
		{FEDB83C2-C14A-4196-8973-2A5C68CE2CBA} = {69B890C5-C137-4967-8E15-26D07F312907}
		{28784EB0-08BB-400F-BC37-DCED3E18261E} = {FEDB83C2-C14A-4196-8973-2A5C68CE2CBA}
		{8FBCBD46-6728-46CF-ACB9-0E5DFCB0105C} = {DA20FB57-1551-4A94-8EA4-4997F6E3B803}
		{0559C080-53D5-44C7-8657-4F987F0FF8B1} = {FEDB83C2-C14A-4196-8973-2A5C68CE2CBA}
		{D3A735EA-FD07-4CDE-A785-DA39280509DA} = {FEDB83C2-C14A-4196-8973-2A5C68CE2CBA}
		{AD8286AF-8F03-46F5-9583-620F4DBA73E8} = {F8C00BB1-4812-4B16-9182-3269D88858CE}
		{92D41C6D-E785-474A-BF69-876F7A8E6912} = {69B890C5-C137-4967-8E15-26D07F312907}
		{E6AB4478-0061-4DC7-8E13-DB68A72FC4DD} = {69B890C5-C137-4967-8E15-26D07F312907}
		{8504D9B8-C4E8-4172-8DA3-CBD9971E3207} = {D6C1178A-80FB-42CE-8E58-BAA7BA56244D}
		{D8A868B6-7D03-4368-A52E-64F1E1B357DB} = {EFC84E79-3FFD-433D-A4E8-C1967D12A2D4}
		{B97EE2A9-93A1-41EE-873D-244E6D654149} = {69B890C5-C137-4967-8E15-26D07F312907}
		{FB2CE5CF-AF46-41E0-95CC-88D8134DC324} = {69B890C5-C137-4967-8E15-26D07F312907}
		{C2AC0E1E-2B02-474F-9DB5-AF461A6C2FDD} = {69B890C5-C137-4967-8E15-26D07F312907}
		{8AAEEC31-B3CE-4583-9B42-1447B8694611} = {386D271D-8E5B-40F7-B017-EE38215FFAA7}
		{426346B6-6631-40E7-9187-8721A0C23E0E} = {FEDB83C2-C14A-4196-8973-2A5C68CE2CBA}
	EndGlobalSection
	GlobalSection(ExtensibilityGlobals) = postSolution
		SolutionGuid = {6B8CD1A2-251A-4CE0-94BB-12805E3492A0}
	EndGlobalSection
EndGlobal
